# This file is generated by running "yarn install" inside your project.
# Manual changes might be lost - proceed with caution!

__metadata:
  version: 6
  cacheKey: 8

"@babel/runtime@npm:^7.9.2":
  version: 7.21.0
  resolution: "@babel/runtime@npm:7.21.0"
  dependencies:
    regenerator-runtime: ^0.13.11
  checksum: 7b33e25bfa9e0e1b9e8828bb61b2d32bdd46b41b07ba7cb43319ad08efc6fda8eb89445193e67d6541814627df0ca59122c0ea795e412b99c5183a0540d338ab
  languageName: node
  linkType: hard

"a@^1.0.0, a@workspace:packages/a":
  version: 0.0.0-use.local
  resolution: "a@workspace:packages/a"
  dependencies:
    redux: ^4.2.1
  languageName: unknown
  linkType: soft

"b@workspace:packages/b":
  version: 0.0.0-use.local
  resolution: "b@workspace:packages/b"
  dependencies:
    a: ^1.0.0
    mbox: ^0.1.2
    redux: ^4.2.1
  languageName: unknown
  linkType: soft

"loadsh@npm:^0.0.4":
  version: 0.0.4
  resolution: "loadsh@npm:0.0.4"
  checksum: 9462e64433f16bf89213a87077f792ba89a192f719413d8167560194d1f58e8ec076a3ea1cf75a483fe6bb7a5d4465801c280eab7b1ddb5437fee7f4dee493f8
  languageName: node
  linkType: hard

"mbox@npm:^0.1.2":
  version: 0.1.2
  resolution: "mbox@npm:0.1.2"
  dependencies:
    unixlib: ""
  checksum: 407839fd843fbea2c674b9bc2ae43ff50cae316554035b5588e6a8c851629583939bbaf1f3bcb4653da3a2c454feed5153a75def1506677239e9dde2458ccaca
  languageName: node
  linkType: hard

"multiple-packages-without-workspace@workspace:.":
  version: 0.0.0-use.local
  resolution: "multiple-packages-without-workspace@workspace:."
  dependencies:
    loadsh: ^0.0.4
  languageName: unknown
  linkType: soft

"redux@npm:^4.2.1":
  version: 4.2.1
  resolution: "redux@npm:4.2.1"
  dependencies:
    "@babel/runtime": ^7.9.2
  checksum: f63b9060c3a1d930ae775252bb6e579b42415aee7a23c4114e21a0b4ba7ec12f0ec76936c00f546893f06e139819f0e2855e0d55ebfce34ca9c026241a6950dd
  languageName: node
  linkType: hard

"regenerator-runtime@npm:^0.13.11":
  version: 0.13.11
  resolution: "regenerator-runtime@npm:0.13.11"
  checksum: 27481628d22a1c4e3ff551096a683b424242a216fee44685467307f14d58020af1e19660bf2e26064de946bad7eff28950eae9f8209d55723e2d9351e632bbb4
  languageName: node
  linkType: hard

"unixlib@npm:":
  version: 0.1.3
  resolution: "unixlib@npm:0.1.3"
  checksum: c5e0cff93d7fdf4d814b630bcdd296e83796d03de75f0ee1cc7cce972b609744eaf28de9733025bc16534632acbaabf870f9df8111f409975f48b2fee8bef08a
  languageName: node
  linkType: hard
